
Microsoft Visual Studio Solution File, Format Version 12.00
# Visual Studio Version 17
VisualStudioVersion = 17.5.33516.290
MinimumVisualStudioVersion = 10.0.40219.1
Project("{FAE04EC0-301F-11D3-BF4B-00C04F79EFBC}") = "ögrenciBilgiPlatformu", "ögrenciBilgiPlatformu\ögrenciBilgiPlatformu.csproj", "{4B2400CF-503D-4879-80E4-8DFA8CEC339E}"
EndProject
Global
	GlobalSection(SolutionConfigurationPlatforms) = preSolution
		Debug|Any CPU = Debug|Any CPU
		Release|Any CPU = Release|Any CPU
	EndGlobalSection
	GlobalSection(ProjectConfigurationPlatforms) = postSolution
		{4B2400CF-503D-4879-80E4-8DFA8CEC339E}.Debug|Any CPU.ActiveCfg = Debug|Any CPU
		{4B2400CF-503D-4879-80E4-8DFA8CEC339E}.Debug|Any CPU.Build.0 = Debug|Any CPU
		{4B2400CF-503D-4879-80E4-8DFA8CEC339E}.Release|Any CPU.ActiveCfg = Release|Any CPU
		{4B2400CF-503D-4879-80E4-8DFA8CEC339E}.Release|Any CPU.Build.0 = Release|Any CPU
	EndGlobalSection
	GlobalSection(SolutionProperties) = preSolution
		HideSolutionNode = FALSE
	EndGlobalSection
	GlobalSection(ExtensibilityGlobals) = postSolution
		SolutionGuid = {2DC41508-25C8-4751-A837-7A989F52A027}
	EndGlobalSection
EndGlobal
